
Microsoft Visual Studio Solution File, Format Version 12.00
# Visual Studio Version 17
VisualStudioVersion = 17.6.33513.286
MinimumVisualStudioVersion = 10.0.40219.1
Project("{FAE04EC0-301F-11D3-BF4B-00C04F79EFBC}") = "functionwithdocker", "functionwithdocker.csproj", "{73FA2FE2-BC67-44EF-BFA8-FA415BCD0477}"
EndProject
Project("{FAE04EC0-301F-11D3-BF4B-00C04F79EFBC}") = "functionlib", "..\functionlib\functionlib.csproj", "{8ED3174B-6F06-40BF-A416-1AEF34F49EF5}"
EndProject
Global
	GlobalSection(SolutionConfigurationPlatforms) = preSolution
		Debug|Any CPU = Debug|Any CPU
		Release|Any CPU = Release|Any CPU
	EndGlobalSection
	GlobalSection(ProjectConfigurationPlatforms) = postSolution
		{73FA2FE2-BC67-44EF-BFA8-FA415BCD0477}.Debug|Any CPU.ActiveCfg = Debug|Any CPU
		{73FA2FE2-BC67-44EF-BFA8-FA415BCD0477}.Debug|Any CPU.Build.0 = Debug|Any CPU
		{73FA2FE2-BC67-44EF-BFA8-FA415BCD0477}.Release|Any CPU.ActiveCfg = Release|Any CPU
		{73FA2FE2-BC67-44EF-BFA8-FA415BCD0477}.Release|Any CPU.Build.0 = Release|Any CPU
		{8ED3174B-6F06-40BF-A416-1AEF34F49EF5}.Debug|Any CPU.ActiveCfg = Debug|Any CPU
		{8ED3174B-6F06-40BF-A416-1AEF34F49EF5}.Debug|Any CPU.Build.0 = Debug|Any CPU
		{8ED3174B-6F06-40BF-A416-1AEF34F49EF5}.Release|Any CPU.ActiveCfg = Release|Any CPU
		{8ED3174B-6F06-40BF-A416-1AEF34F49EF5}.Release|Any CPU.Build.0 = Release|Any CPU
	EndGlobalSection
	GlobalSection(SolutionProperties) = preSolution
		HideSolutionNode = FALSE
	EndGlobalSection
	GlobalSection(ExtensibilityGlobals) = postSolution
		SolutionGuid = {ECDB3B4D-BDAB-4856-9FCA-288AED3D679A}
	EndGlobalSection
EndGlobal
